{
  "version": "5",
  "specifiers": {
    "npm:@headlessui/react@^2.2.10": "2.2.10_react@19.2.8_react-dom@19.2.8__react@19.2.8",
    "npm:@phosphor-icons/react@^2.1.10": "2.1.10_react@19.2.8_react-dom@19.2.8__react@19.2.8",
    "npm:@rsbuild/core@^2.1.9": "2.1.9",
    "npm:@rsbuild/plugin-react@^2.1.0": "2.1.0_@rsbuild+core@2.1.9",
    "npm:@rsbuild/plugin-tailwindcss@^2.0.3": "2.0.3_@rsbuild+core@2.1.9",
    "npm:@rslint/core@~0.5.3": "0.5.3",
    "npm:@types/node@^24.13.3": "24.13.3",
    "npm:@types/react-dom@^19.2.3": "19.2.3_@types+react@19.2.17",
    "npm:@types/react@^19.2.17": "19.2.17",
    "npm:react-dom@^19.2.8": "19.2.8_react@19.2.8",
    "npm:react-router@^8.3.0": "8.3.0_react@19.2.8_react-dom@19.2.8__react@19.2.8",
    "npm:react@^19.2.8": "19.2.8",
    "npm:tailwindcss@^4.3.3": "4.3.3",
    "npm:typescript@^6.0.3": "6.0.3"
  },
  "npm": {
    "@alloc/quick-lru@5.2.0": {
      "integrity": "sha512-UrcABB+4bUrFABwbluTIBErXwvbsU/V7TZWfmbgJfbkwiBuziS9gxdODUyuiecfdGQ85jglMW6juS3+z5TsKLw=="
    },
    "@emnapi/core@1.11.2": {
      "integrity": "sha512-TC8MkTuZUtcTSiFeuC0ksCh9QIJ5+F21MvZ4Wn4ORfYaFJ/0dsiudv5tVkejgwZlwQ39jL9WWDe2lz8x0WglOA==",
      "dependencies": [
        "@emnapi/wasi-threads",
        "tslib"
      ]
    },
    "@emnapi/runtime@1.11.2": {
      "integrity": "sha512-kyOl3X0DuTiT1h2ft8r2fYO8JYtU9a9Xis/zBSiGArNaagCOWx90N1k2wxp18czFDH+OgcWGb5ZP/XMt3dcyPA==",
      "dependencies": [
        "tslib"
      ]
    },
    "@emnapi/wasi-threads@1.2.2": {
      "integrity": "sha512-c95qOXkHdydNKhscBTebqEC1CVAZpyqOfVfBzQ1qgzyl3gfeldUjIggDbIZgDKsHLgnsM+igH7TJ/eAasaVuMA==",
      "dependencies": [
        "tslib"
      ]
    },
    "@floating-ui/core@1.8.0": {
      "integrity": "sha512-0CIZ5itps/8x7BG8dEIhs53BvCUH2PCoogtakwRTut+Arm58sJooJ0AuZhLw2HJYIR5cMLNPBSS728sPho2khQ==",
      "dependencies": [
        "@floating-ui/utils"
      ]
    },
    "@floating-ui/dom@1.8.0": {
      "integrity": "sha512-yXSrzeHZBTZadLOlfyhCkJHNeLJnHRnRInwdZ40L7ZiaAtrBwoYlsDrX3v5zB1Utk7CLfzcOVnVVWoXEky7Ceg==",
      "dependencies": [
        "@floating-ui/core",
        "@floating-ui/utils"
      ]
    },
    "@floating-ui/react-dom@2.1.9_react@19.2.8_react-dom@19.2.8__react@19.2.8": {
      "integrity": "sha512-JDjEFGCpImxDCA7JJKviA0M9+RtmJdj0m/NVU5IMgBK+AmZouAQQ7/+2GLH0GXXY0YMw9oXPB8hKdbPYg5QLYg==",
      "dependencies": [
        "@floating-ui/dom",
        "react",
        "react-dom"
      ]
    },
    "@floating-ui/react@0.26.28_react@19.2.8_react-dom@19.2.8__react@19.2.8": {
      "integrity": "sha512-yORQuuAtVpiRjpMhdc0wJj06b9JFjrYF4qp96j++v2NBpbi6SEGF7donUJ3TMieerQ6qVkAv1tgr7L4r5roTqw==",
      "dependencies": [
        "@floating-ui/react-dom",
        "@floating-ui/utils",
        "react",
        "react-dom",
        "tabbable"
      ]
    },
    "@floating-ui/utils@0.2.12": {
      "integrity": "sha512-HpCo8tmWzLVad5s2d19EhAz5zqrrQ6s69qd6moPMQvkOuSwDT1YgRfWSVuc4ennqrgv3OHppiOGMQ7oC13yIww=="
    },
    "@headlessui/react@2.2.10_react@19.2.8_react-dom@19.2.8__react@19.2.8": {
      "integrity": "sha512-5pVLNK9wlpxTUTy9GpgbX/SdcRh+HBnPktjM2wbiLTH4p+2EPHBO1aoSryUCuKUIItdDWO9ITlhUL8UnUN/oIA==",
      "dependencies": [
        "@floating-ui/react",
        "@react-aria/focus",
        "@react-aria/interactions",
        "@tanstack/react-virtual",
        "react",
        "react-dom",
        "use-sync-external-store"
      ]
    },
    "@internationalized/date@3.12.3": {
      "integrity": "sha512-fuLX+3ZKLsxI73y8b01EG/WjHb6gE6weCqlfawPO27kBWGMh9G1yH6Csv1uU7/cac9H2GHmOMt6CjmuQ1aia4Q==",
      "dependencies": [
        "@swc/helpers"
      ]
    },
    "@internationalized/number@3.6.7": {
      "integrity": "sha512-3ji1fcrT+FPAK86UqEhB/psHixYo6niWPJtt7+qRaYFynt/BaJG8GhAPimtWUpEiVSTq8ZM8L5psMxGquiB/Vg==",
      "dependencies": [
        "@swc/helpers"
      ]
    },
    "@internationalized/string@3.2.10": {
      "integrity": "sha512-PDx6//vHSpRnHfxqMqto11zQvhsaU74O3mKv2F/0eicGZcl9NLjQmGlbHz/LsJh5tLKp4A4L7ZVTzN1/MmMTvA==",
      "dependencies": [
        "@swc/helpers"
      ]
    },
    "@jridgewell/gen-mapping@0.3.13": {
      "integrity": "sha512-2kkt/7niJ6MgEPxF0bYdQ6etZaA+fQvDcLKckhy1yIQOzaoKjBBjSj63/aLVjYE3qhRt5dvM+uUyfCg6UKCBbA==",
      "dependencies": [
        "@jridgewell/sourcemap-codec",
        "@jridgewell/trace-mapping"
      ]
    },
    "@jridgewell/remapping@2.3.5": {
      "integrity": "sha512-LI9u/+laYG4Ds1TDKSJW2YPrIlcVYOwi2fUC6xB43lueCjgxV4lffOCZCtYFiH6TNOX+tQKXx97T4IKHbhyHEQ==",
      "dependencies": [
        "@jridgewell/gen-mapping",
        "@jridgewell/trace-mapping"
      ]
    },
    "@jridgewell/resolve-uri@3.1.2": {
      "integrity": "sha512-bRISgCIjP20/tbWSPWMEi54QVPRZExkuD9lJL+UIxUKtwVJA8wW1Trb1jMs1RFXo1CBTNZ/5hpC9QvmKWdopKw=="
    },
    "@jridgewell/sourcemap-codec@1.5.5": {
      "integrity": "sha512-cYQ9310grqxueWbl+WuIUIaiUaDcj7WOq5fVhEljNVgRfOUhY9fy2zTvfoqWsnebh8Sl70VScFbICvJnLKB0Og=="
    },
    "@jridgewell/trace-mapping@0.3.31": {
      "integrity": "sha512-zzNR+SdQSDJzc8joaeP8QQoCQr8NuYx2dIIytl1QeBEZHJ9uW6hebsrYgbz8hJwUQao3TWCMtmfV8Nu1twOLAw==",
      "dependencies": [
        "@jridgewell/resolve-uri",
        "@jridgewell/sourcemap-codec"
      ]
    },
    "@napi-rs/wasm-runtime@1.1.6_@emnapi+core@1.11.2_@emnapi+runtime@1.11.2": {
      "integrity": "sha512-ZLv/JdUfkvOy9eCnnBaGfiO+XimbjebAeO+MRQqD/B+FR1tnRN0tpKSJHRbE8sFfS6aqsXZ67TQjfwfsxULVbg==",
      "dependencies": [
        "@emnapi/core",
        "@emnapi/runtime",
        "@tybys/wasm-util"
      ]
    },
    "@phosphor-icons/react@2.1.10_react@19.2.8_react-dom@19.2.8__react@19.2.8": {
      "integrity": "sha512-vt8Tvq8GLjheAZZYa+YG/pW7HDbov8El/MANW8pOAz4eGxrwhnbfrQZq0Cp4q8zBEu8NIhHdnr+r8thnfRSNYA==",
      "dependencies": [
        "react",
        "react-dom"
      ]
    },
    "@react-aria/focus@3.22.1_react@19.2.8_react-dom@19.2.8__react@19.2.8": {
      "integrity": "sha512-CPxtkyrBi/HYY5P3lE/57sQ6qfa0lN8E55TOm89H0kNGv0lKt+/0zP7lWERzBjRr5IxBVrQX4gFEowBN52LPaA==",
      "dependencies": [
        "@swc/helpers",
        "react",
        "react-aria",
        "react-dom"
      ]
    },
    "@react-aria/interactions@3.28.1_react@19.2.8_react-dom@19.2.8__react@19.2.8": {
      "integrity": "sha512-Bqb+HrD5I5MHS2SKBhISYqo2SW8Y2dfzgF/Y1lIJq7xqLxheo9vzxPGEHhz+XzkgGfoqEJx8A6a3C7uiqS3HWA==",
      "dependencies": [
        "@react-types/shared",
        "@swc/helpers",
        "react",
        "react-aria",
        "react-dom"
      ]
    },
    "@react-types/shared@3.36.1_react@19.2.8": {
      "integrity": "sha512-AzsuD9OfxTOZMMvTRhlN3oHBwOmFN7tDh27LzqmHt4+uOgPhJT7ZM7/kVs/8/o0WxayMUIk3hBmCFRHv1FUoag==",
      "dependencies": [
        "react"
      ]
    },
    "@rsbuild/core@2.1.9": {
      "integrity": "sha512-yqf1hFZ3wbMYI431LqsxLH3r0VZkfyarVKTf7kMeIiGe0YLwsrgsfp+sKpIyVkQkq60J0qyp6l/CoqqsQZqEwQ==",
      "dependencies": [
        "@rspack/core",
        "@swc/helpers"
      ],
      "bin": true
    },
    "@rsbuild/plugin-react@2.1.0_@rsbuild+core@2.1.9": {
      "integrity": "sha512-RQTIAWB/CwPjoWt9iAl+8HixeQVgZ7kEIBrWPCixfITyHdiD84h0YpUTpEUuz6kGHw1KXT9mHZ3Rwy6WG7aRDA==",
      "dependencies": [
        "@rsbuild/core",
        "@rspack/plugin-react-refresh",
        "react-refresh"
      ],
      "optionalPeers": [
        "@rsbuild/core"
      ]
    },
    "@rsbuild/plugin-tailwindcss@2.0.3_@rsbuild+core@2.1.9": {
      "integrity": "sha512-sl7mN0fyoP0W+zEyFR2xEMVAS2cZPlOAqsXwI8Ei9tUSvV7V4G8Xw2WBVCOQ/B4KEFfJ6H1+TEuPlAzHLEfc4g==",
      "dependencies": [
        "@rsbuild/core",
        "@tailwindcss/webpack"
      ],
      "optionalPeers": [
        "@rsbuild/core"
      ]
    },
    "@rslint/core@0.5.3": {
      "integrity": "sha512-7s7Yb9L0mwI2sl06G5HTI7ENd1iJiGYFVWbHjeJbXa7bLM5rPwkgWsYMRZo4kYQIYqpqD4Oqraor+zawEcunkw==",
      "dependencies": [
        "picomatch",
        "tinyglobby"
      ],
      "optionalDependencies": [
        "@rslint/darwin-arm64",
        "@rslint/darwin-x64",
        "@rslint/linux-arm64",
        "@rslint/linux-x64",
        "@rslint/win32-arm64",
        "@rslint/win32-x64"
      ],
      "bin": true
    },
    "@rslint/darwin-arm64@0.5.3": {
      "integrity": "sha512-g/VSIw1/slkvQsNRbHpImAip/sCjEaqE/Z5ZE6plL7GXdeztWckSevu+J5v07JmILvebJ7ZUgFvMw/ydTdxofw==",
      "os": ["darwin"],
      "cpu": ["arm64"]
    },
    "@rslint/darwin-x64@0.5.3": {
      "integrity": "sha512-+29fPLRjkNVQW7DAtgNkQH6rYg1CdjJYHhBhRHT8TJWU8+N3GrhWjbxEvW9XThkABpDqsxAGS86wCE060QuRpQ==",
      "os": ["darwin"],
      "cpu": ["x64"]
    },
    "@rslint/linux-arm64@0.5.3": {
      "integrity": "sha512-gpvnMVVP0wPe0T9qeITkaBB9WldxQPnJP8u314cG4sDyGV/qISKvUOPPk4AM3YG0f4UU7FA9gUySLptHLcDOFw==",
      "os": ["linux"],
      "cpu": ["arm64"]
    },
    "@rslint/linux-x64@0.5.3": {
      "integrity": "sha512-/ZzTWlZwi+Ff74tbnGYgLUc7YTDVsNuaL3EeZFuFIYk02Lge9UCCJywMExoLVTdhrZh7fRWu6nlS6sf1/okb8g==",
      "os": ["linux"],
      "cpu": ["x64"]
    },
    "@rslint/win32-arm64@0.5.3": {
      "integrity": "sha512-l5T5VeKQKjLMpUqahU/UDRV0UQcjvxN+r6bOSl+do0xCsYXpfEiI6HlE33//+VilJ120t2SI5e8Hnidaha3XEw==",
      "os": ["win32"],
      "cpu": ["arm64"]
    },
    "@rslint/win32-x64@0.5.3": {
      "integrity": "sha512-aPbtXTNeM9A5pA3krRzEaHGA6RLLkG5k8naNWGIfQnwfjMCk6vzjTyL6Wceg6Oq+qjTDnBLzU3RqZhpXwPeJ7w==",
      "os": ["win32"],
      "cpu": ["x64"]
    },
    "@rspack/binding-darwin-arm64@2.1.7": {
      "integrity": "sha512-DwxzrXRctueP/3Pyom9JHcIsRShuEAlHb+mrE5OPT+4cdHI1UnJpbzEvEDLTo4IKJhDb3vjXdHLtjqtL0SYbeA==",
      "os": ["darwin"],
      "cpu": ["arm64"]
    },
    "@rspack/binding-darwin-x64@2.1.7": {
      "integrity": "sha512-kPbrYvR/XUHfAMgRVq3QnC71DW/qjwsPj+3hEUuEnRmlploPNy9u8Szf1IHKSVUSrVZBTgDyMoZQdxYLfhResw==",
      "os": ["darwin"],
      "cpu": ["x64"]
    },
    "@rspack/binding-linux-arm64-gnu@2.1.7": {
      "integrity": "sha512-VFB+YXM3kZ6IIuLV64H3vgnwqvQIIaqfR/aeGwuxYvwcZsrgblSBmXMeDULdgDjqP8Yr0VaFMBBiD9OtG5KdFw==",
      "os": ["linux"],
      "cpu": ["arm64"]
    },
    "@rspack/binding-linux-arm64-musl@2.1.7": {
      "integrity": "sha512-Mzbxyg0aJ+ITj526Iuz0enEDYY6WxhFIwEKXqwjQh+Vpd5v/+aPzPo83sSQVX/3puBV1sbmviTURbh6N9e1fvA==",
      "os": ["linux"],
      "cpu": ["arm64"]
    },
    "@rspack/binding-linux-riscv64-gnu@2.1.7": {
      "integrity": "sha512-mpazwgT/Pse1720mvEJsoXfPkJ+enj0xUqpbe/wL6aedwjGT+9jJNB8HTJXE4XBX0UO7umGqcJMeKA6YsD2CDA==",
      "os": ["linux"],
      "cpu": ["riscv64"]
    },
    "@rspack/binding-linux-riscv64-musl@2.1.7": {
      "integrity": "sha512-oU/l3soPRsDEWn7KZic+npyTMM2N1kRdHjoJ+L5IUBXs8bjdTXPLoyTbTdIOza5ZSoT4+UeEiEryj4BB0tQE5w==",
      "os": ["linux"],
      "cpu": ["riscv64"]
    },
    "@rspack/binding-linux-x64-gnu@2.1.7": {
      "integrity": "sha512-7Gtpl3h3jtnOpk1mYQE8mRndXAO2ibI8mnAbs7klevdKey+ZHneWMoMi2yOMQhhI/ifWEFxDzyGJ8bdxo0XTsA==",
      "os": ["linux"],
      "cpu": ["x64"]
    },
    "@rspack/binding-linux-x64-musl@2.1.7": {
      "integrity": "sha512-w+whI2Uy+DYkGN+MVkzMFWweL7B/s1gMqX+nvTE1vhOy3hGV0VyA9H6lqWjSD3I+eGkpYhN9Pr244cYnLpZOUQ==",
      "os": ["linux"],
      "cpu": ["x64"]
    },
    "@rspack/binding-wasm32-wasi@2.1.7": {
      "integrity": "sha512-cDVgvzRdTgxaeM+a5Lx0+7/VAvunvwO0wNtQ3ATQGOtFCW5b7cUzhNPcytH5ZSJTnFWuxinlGwtar5yfcnkdZQ==",
      "dependencies": [
        "@emnapi/core",
        "@emnapi/runtime",
        "@napi-rs/wasm-runtime"
      ],
      "cpu": ["wasm32"]
    },
    "@rspack/binding-win32-arm64-msvc@2.1.7": {
      "integrity": "sha512-JDd85+iYwUvaG9Zrt5X7oIxRZRiTW+76FwkRakoXNy/5VAWQW32Jq4ESjSVz6l6mh0KnZxPq3TLMugacCPnLjw==",
      "os": ["win32"],
      "cpu": ["arm64"]
    },
    "@rspack/binding-win32-ia32-msvc@2.1.7": {
      "integrity": "sha512-y9PKEs6v9BLHV0i/4eaIRtxpATvSgcf/VYQkMT8mp+qWlPjUwDQNwU2ueWVGpff6INO+YAa7zobzziNFRgO7Lg==",
      "os": ["win32"],
      "cpu": ["ia32"]
    },
    "@rspack/binding-win32-x64-msvc@2.1.7": {
      "integrity": "sha512-BjkOzcPY/K8YlRRvyywz0mDWk89MMxqAMhDmgBXCWorh1IjgKTsWDJ2lCGIM8M9CZXUG3khom8AfrOGwRT2I+g==",
      "os": ["win32"],
      "cpu": ["x64"]
    },
    "@rspack/binding@2.1.7": {
      "integrity": "sha512-wYqi8TY30hsIzLry503o/Uqu7y9Ec7pEwN5TVmB7Pb3xHrR2eHsQPzdpF/GkCLUjQSgD2Es3CDVV1mr6zO/78g==",
      "optionalDependencies": [
        "@rspack/binding-darwin-arm64",
        "@rspack/binding-darwin-x64",
        "@rspack/binding-linux-arm64-gnu",
        "@rspack/binding-linux-arm64-musl",
        "@rspack/binding-linux-riscv64-gnu",
        "@rspack/binding-linux-riscv64-musl",
        "@rspack/binding-linux-x64-gnu",
        "@rspack/binding-linux-x64-musl",
        "@rspack/binding-wasm32-wasi",
        "@rspack/binding-win32-arm64-msvc",
        "@rspack/binding-win32-ia32-msvc",
        "@rspack/binding-win32-x64-msvc"
      ]
    },
    "@rspack/core@2.1.7_@swc+helpers@0.5.23": {
      "integrity": "sha512-d5Ju3zXzGgbqQWvlMlLUtek2eFPIzsFe2QOF4nwTAknxo/4OZ64t+kPT9nM6fr3aZX93VK0R3v02/kZYIRrV9Q==",
      "dependencies": [
        "@rspack/binding",
        "@swc/helpers"
      ],
      "optionalPeers": [
        "@swc/helpers"
      ]
    },
    "@rspack/plugin-react-refresh@2.0.2_react-refresh@0.18.0": {
      "integrity": "sha512-dGNZiCxQxgAUI9sah7gd8u+O7OJZRCmqtEJNDOd8xW5RqcieC86F7p5qcShyw6onH5pKf57evpr2VjGbaFGkZg==",
      "dependencies": [
        "react-refresh"
      ]
    },
    "@swc/helpers@0.5.23": {
      "integrity": "sha512-5lSsMOTXURePglDfvuAQUqkGek9Hg2kksOYay2m0+XR++b2NWYL/4sWyuvVBIs8oKnJaxkdi9whaL/sqN13afw==",
      "dependencies": [
        "tslib"
      ]
    },
    "@tailwindcss/node@4.3.3": {
      "integrity": "sha512-/T8IKEsf9VTU6tLjgC7+sv2mOPtQxzE2jMw7u4Tt40Tx+QSZxpzh95/H6cMKoja9XuW7iMdLJYBB0o9G1CaAgg==",
      "dependencies": [
        "@jridgewell/remapping",
        "enhanced-resolve",
        "jiti",
        "lightningcss",
        "magic-string",
        "source-map-js",
        "tailwindcss"
      ]
    },
    "@tailwindcss/oxide-android-arm64@4.3.3": {
      "integrity": "sha512-Y85A2gmPSkl5Ve5qR86GL4HT509cFqQh1aes9p3sSkyTPwt0Pppf3GkwGe4JPACcRYjgJIEhQgM6dBClnr0NYw==",
      "os": ["android"],
      "cpu": ["arm64"]
    },
    "@tailwindcss/oxide-darwin-arm64@4.3.3": {
      "integrity": "sha512-BiaWatpBcERQFDlOjRDpIVXuFK5PJez5SA4JMg6VYZdBYU+qKfV/vqjcIs+IYmtitf1xYQZTwXvU/8y4lfZUGw==",
      "os": ["darwin"],
      "cpu": ["arm64"]
    },
    "@tailwindcss/oxide-darwin-x64@4.3.3": {
      "integrity": "sha512-fAeUqfV5ndhxRwai8cXGzdLvul9utWOmeTkv69unv4ZXixjn61Z+p9lCWdwOwA3TYboG3BwdVuN/RDjhBRl0mw==",
      "os": ["darwin"],
      "cpu": ["x64"]
    },
    "@tailwindcss/oxide-freebsd-x64@4.3.3": {
      "integrity": "sha512-iyf5bV6+wnAlflVeEy7R25dupxTNECZN5QMI0qNT6eT+EgaGdZcKhGkr5SdoaWiLJ3spLqIY9VCeSGrwmtg4kw==",
      "os": ["freebsd"],
      "cpu": ["x64"]
    },
    "@tailwindcss/oxide-linux-arm-gnueabihf@4.3.3": {
      "integrity": "sha512-aAYUprJAJQWWbRrPvtjdroZ56Md+JM8pMiopS6xGEwDfLhqj+2ver2p4nU4Mb3CRqcMmNBjo8KkUgcxhkzVQGQ==",
      "os": ["linux"],
      "cpu": ["arm"]
    },
    "@tailwindcss/oxide-linux-arm64-gnu@4.3.3": {
      "integrity": "sha512-nDxldcEENOxZRzC2uu9jrutZdAAQtb+8WWDCSnWL1zvBk1+FN+x6MtDViPB5AJMfttVCUhehGWus3XBPgatM/w==",
      "os": ["linux"],
      "cpu": ["arm64"]
    },
    "@tailwindcss/oxide-linux-arm64-musl@4.3.3": {
      "integrity": "sha512-Md44bD6veX/PC5iyF8cDVnw4HBIANZepRZZ7a8DQOvkfo5WUBwcp6iAuCUz23u+4SUkhJlD3eL7hNdW8ezd/kA==",
      "os": ["linux"],
      "cpu": ["arm64"]
    },
    "@tailwindcss/oxide-linux-x64-gnu@4.3.3": {
      "integrity": "sha512-tx7us1muwOKAKWao2v/GaafFeQboE6aj88vC6ziN2NCGcRm8gWUhwjzg+YdVB1e4boAtdtma4L43onunI6NS4w==",
      "os": ["linux"],
      "cpu": ["x64"]
    },
    "@tailwindcss/oxide-linux-x64-musl@4.3.3": {
      "integrity": "sha512-SJxX60smvHgasZoBy11dX6YRjXJFovwWBoedhbQPOBzgFWBHGB+TVPWB9BxzR7TTxU8FQZAI2AyiNCMzFm8Img==",
      "os": ["linux"],
      "cpu": ["x64"]
    },
    "@tailwindcss/oxide-wasm32-wasi@4.3.3": {
      "integrity": "sha512-jx1+rPhY/5Ympkktd656HBWEBLxP7dH06losBLjjf5vgCODXvi9KhtftWcMIwTFIDqBr7cRnQkdLnAG+IOlGvQ==",
      "cpu": ["wasm32"]
    },
    "@tailwindcss/oxide-win32-arm64-msvc@4.3.3": {
      "integrity": "sha512-3rc292Ca2ceK6Ulcc/bAVnTs/3nDtoPhyEKlgPv+yQJQi/JS/AMJlqzxvlDacL1nekbrcf6bTqp/jV4qgnPxNQ==",
      "os": ["win32"],
      "cpu": ["arm64"]
    },
    "@tailwindcss/oxide-win32-x64-msvc@4.3.3": {
      "integrity": "sha512-yJ0pwIVc/nYeGoV02WtsN8KYyLQv7kyI2wDnkezyJlGGjkd4QLwDGAwl47YpPJeuI0M0ObaXGSPjvWDPeTPggw==",
      "os": ["win32"],
      "cpu": ["x64"]
    },
    "@tailwindcss/oxide@4.3.3": {
      "integrity": "sha512-krXjAikiaFSPaK/FkAQT5UTx3VormQaiZ5hBFlJZ9UFQGB/rwg1MZIhHAG9smMQRTdyJxP6Qt5MwMtdyU5FWrA==",
      "optionalDependencies": [
        "@tailwindcss/oxide-android-arm64",
        "@tailwindcss/oxide-darwin-arm64",
        "@tailwindcss/oxide-darwin-x64",
        "@tailwindcss/oxide-freebsd-x64",
        "@tailwindcss/oxide-linux-arm-gnueabihf",
        "@tailwindcss/oxide-linux-arm64-gnu",
        "@tailwindcss/oxide-linux-arm64-musl",
        "@tailwindcss/oxide-linux-x64-gnu",
        "@tailwindcss/oxide-linux-x64-musl",
        "@tailwindcss/oxide-wasm32-wasi",
        "@tailwindcss/oxide-win32-arm64-msvc",
        "@tailwindcss/oxide-win32-x64-msvc"
      ]
    },
    "@tailwindcss/webpack@4.3.3": {
      "integrity": "sha512-e7A7ubt+D+MzXAlQcOaDaHMD5oYzxULVdZVjLzGVStIXebGfD4RcVHxBSRP7xE+G8sS3o691zyfIbhm/veOLjQ==",
      "dependencies": [
        "@alloc/quick-lru",
        "@tailwindcss/node",
        "@tailwindcss/oxide",
        "tailwindcss"
      ]
    },
    "@tanstack/react-virtual@3.14.9_react@19.2.8_react-dom@19.2.8__react@19.2.8": {
      "integrity": "sha512-qZyr0FZDP8rDC4WBhsryIZmAd9bveJvFGUJJtskWaew6/0dTRS6wZxnR6VQ5bY2KwL3LjerrHqQLk3a0GKcPXQ==",
      "dependencies": [
        "@tanstack/virtual-core",
        "react",
        "react-dom"
      ]
    },
    "@tanstack/virtual-core@3.17.7": {
      "integrity": "sha512-bp+v10y65sp2H7WpWfIMyxTNfl8ZVfxFTLRjPIFRryi6FV/J33z4IS53WO4pTk36KlvJ4iLiQz+oaydDC1xbcA=="
    },
    "@tybys/wasm-util@0.10.3": {
      "integrity": "sha512-F3fo1MYrRJYL3zER0OUOmkutjr1Vp23m7OsSgp7nq4SP6OqX6C/56XFIPAl5bt3zaBRjmW7SGz3u/6LwFpYcOg==",
      "dependencies": [
        "tslib"
      ]
    },
    "@types/node@24.13.3": {
      "integrity": "sha512-Dh8vAsV36ig5wa9OX4pXvMc9D3Veibfw2wix0CUwYODLD8nkj9UsLjASr49nPg+2eKzxhBV+v7L8pXvT4e639Q==",
      "dependencies": [
        "undici-types"
      ]
    },
    "@types/react-dom@19.2.3_@types+react@19.2.17": {
      "integrity": "sha512-jp2L/eY6fn+KgVVQAOqYItbF0VY/YApe5Mz2F0aykSO8gx31bYCZyvSeYxCHKvzHG5eZjc+zyaS5BrBWya2+kQ==",
      "dependencies": [
        "@types/react"
      ]
    },
    "@types/react@19.2.17": {
      "integrity": "sha512-MXfmqaVPEVgkBT/aY0aGCkRWWtByiYQXo3xdQ8r5RzuFrPiRn8Gar2tQdXSUQ2GKV3bkXckek89V8wQBY2Q/Aw==",
      "dependencies": [
        "csstype"
      ]
    },
    "aria-hidden@1.2.6": {
      "integrity": "sha512-ik3ZgC9dY/lYVVM++OISsaYDeg1tb0VtP5uL3ouh1koGOaUMDPpbFIei4JkFimWUFPn90sbMNMXQAIVOlnYKJA==",
      "dependencies": [
        "tslib"
      ]
    },
    "clsx@2.1.1": {
      "integrity": "sha512-eYm0QWBtUrBWZWG0d386OGAw16Z995PiOVo2B7bjWSbHedGl5e0ZWaq65kOGgUSNesEIDkB9ISbTg/JK9dhCZA=="
    },
    "cookie-es@3.1.1": {
      "integrity": "sha512-UaXxwISYJPTr9hwQxMFYZ7kNhSXboMXP+Z3TRX6f1/NyaGPfuNUZOWP1pUEb75B2HjfklIYLVRfWiFZJyC6Npg=="
    },
    "csstype@3.2.3": {
      "integrity": "sha512-z1HGKcYy2xA8AGQfwrn0PAy+PB7X/GSj3UVJW9qKyn43xWa+gl5nXmU4qqLMRzWVLFC8KusUX8T/0kCiOYpAIQ=="
    },
    "detect-libc@2.1.2": {
      "integrity": "sha512-Btj2BOOO83o3WyH59e8MgXsxEQVcarkUOpEYrubB0urwnN10yQ364rsiByU11nZlqWYZm05i/of7io4mzihBtQ=="
    },
    "enhanced-resolve@5.24.4": {
      "integrity": "sha512-GVoi+ICHocoOIU7qVVM48wOJziRsqrsyqlI0Ce0LdowRn6v3bcH2zUa9kp85ncx0nwIb9/HOCOLS3fdThDG/XQ==",
      "dependencies": [
        "graceful-fs",
        "tapable"
      ]
    },
    "fdir@6.5.0_picomatch@4.0.4": {
      "integrity": "sha512-tIbYtZbucOs0BRGqPJkshJUYdL+SDH7dVM8gjy+ERp3WAUjLEFJE+02kanyHtwjWOnwrKYBiwAmM0p4kLJAnXg==",
      "dependencies": [
        "picomatch"
      ],
      "optionalPeers": [
        "picomatch"
      ]
    },
    "graceful-fs@4.2.11": {
      "integrity": "sha512-RbJ5/jmFcNNCcDV5o9eTnBLJ/HszWV0P73bc+Ff4nS/rJj+YaS6IGyiOL0VoBYX+l1Wrl3k63h/KrH+nhJ0XvQ=="
    },
    "jiti@2.7.0": {
      "integrity": "sha512-AC/7JofJvZGrrneWNaEnJeOLUx+JlGt7tNa0wZiRPT4MY1wmfKjt2+6O2p2uz2+skll8OZZmJMNqeke7kKbNgQ==",
      "bin": true
    },
    "lightningcss-android-arm64@1.32.0": {
      "integrity": "sha512-YK7/ClTt4kAK0vo6w3X+Pnm0D2cf2vPHbhOXdoNti1Ga0al1P4TBZhwjATvjNwLEBCnKvjJc2jQgHXH0NEwlAg==",
      "os": ["android"],
      "cpu": ["arm64"]
    },
    "lightningcss-darwin-arm64@1.32.0": {
      "integrity": "sha512-RzeG9Ju5bag2Bv1/lwlVJvBE3q6TtXskdZLLCyfg5pt+HLz9BqlICO7LZM7VHNTTn/5PRhHFBSjk5lc4cmscPQ==",
      "os": ["darwin"],
      "cpu": ["arm64"]
    },
    "lightningcss-darwin-x64@1.32.0": {
      "integrity": "sha512-U+QsBp2m/s2wqpUYT/6wnlagdZbtZdndSmut/NJqlCcMLTWp5muCrID+K5UJ6jqD2BFshejCYXniPDbNh73V8w==",
      "os": ["darwin"],
      "cpu": ["x64"]
    },
    "lightningcss-freebsd-x64@1.32.0": {
      "integrity": "sha512-JCTigedEksZk3tHTTthnMdVfGf61Fky8Ji2E4YjUTEQX14xiy/lTzXnu1vwiZe3bYe0q+SpsSH/CTeDXK6WHig==",
      "os": ["freebsd"],
      "cpu": ["x64"]
    },
    "lightningcss-linux-arm-gnueabihf@1.32.0": {
      "integrity": "sha512-x6rnnpRa2GL0zQOkt6rts3YDPzduLpWvwAF6EMhXFVZXD4tPrBkEFqzGowzCsIWsPjqSK+tyNEODUBXeeVHSkw==",
      "os": ["linux"],
      "cpu": ["arm"]
    },
    "lightningcss-linux-arm64-gnu@1.32.0": {
      "integrity": "sha512-0nnMyoyOLRJXfbMOilaSRcLH3Jw5z9HDNGfT/gwCPgaDjnx0i8w7vBzFLFR1f6CMLKF8gVbebmkUN3fa/kQJpQ==",
      "os": ["linux"],
      "cpu": ["arm64"]
    },
    "lightningcss-linux-arm64-musl@1.32.0": {
      "integrity": "sha512-UpQkoenr4UJEzgVIYpI80lDFvRmPVg6oqboNHfoH4CQIfNA+HOrZ7Mo7KZP02dC6LjghPQJeBsvXhJod/wnIBg==",
      "os": ["linux"],
      "cpu": ["arm64"]
    },
    "lightningcss-linux-x64-gnu@1.32.0": {
      "integrity": "sha512-V7Qr52IhZmdKPVr+Vtw8o+WLsQJYCTd8loIfpDaMRWGUZfBOYEJeyJIkqGIDMZPwPx24pUMfwSxxI8phr/MbOA==",
      "os": ["linux"],
      "cpu": ["x64"]
    },
    "lightningcss-linux-x64-musl@1.32.0": {
      "integrity": "sha512-bYcLp+Vb0awsiXg/80uCRezCYHNg1/l3mt0gzHnWV9XP1W5sKa5/TCdGWaR/zBM2PeF/HbsQv/j2URNOiVuxWg==",
      "os": ["linux"],
      "cpu": ["x64"]
    },
    "lightningcss-win32-arm64-msvc@1.32.0": {
      "integrity": "sha512-8SbC8BR40pS6baCM8sbtYDSwEVQd4JlFTOlaD3gWGHfThTcABnNDBda6eTZeqbofalIJhFx0qKzgHJmcPTnGdw==",
      "os": ["win32"],
      "cpu": ["arm64"]
    },
    "lightningcss-win32-x64-msvc@1.32.0": {
      "integrity": "sha512-Amq9B/SoZYdDi1kFrojnoqPLxYhQ4Wo5XiL8EVJrVsB8ARoC1PWW6VGtT0WKCemjy8aC+louJnjS7U18x3b06Q==",
      "os": ["win32"],
      "cpu": ["x64"]
    },
    "lightningcss@1.32.0": {
      "integrity": "sha512-NXYBzinNrblfraPGyrbPoD19C1h9lfI/1mzgWYvXUTe414Gz/X1FD2XBZSZM7rRTrMA8JL3OtAaGifrIKhQ5yQ==",
      "dependencies": [
        "detect-libc"
      ],
      "optionalDependencies": [
        "lightningcss-android-arm64",
        "lightningcss-darwin-arm64",
        "lightningcss-darwin-x64",
        "lightningcss-freebsd-x64",
        "lightningcss-linux-arm-gnueabihf",
        "lightningcss-linux-arm64-gnu",
        "lightningcss-linux-arm64-musl",
        "lightningcss-linux-x64-gnu",
        "lightningcss-linux-x64-musl",
        "lightningcss-win32-arm64-msvc",
        "lightningcss-win32-x64-msvc"
      ]
    },
    "magic-string@0.30.21": {
      "integrity": "sha512-vd2F4YUyEXKGcLHoq+TEyCjxueSeHnFxyyjNp80yg0XV4vUhnDer/lvvlqM/arB5bXQN5K2/3oinyCRyx8T2CQ==",
      "dependencies": [
        "@jridgewell/sourcemap-codec"
      ]
    },
    "picomatch@4.0.4": {
      "integrity": "sha512-QP88BAKvMam/3NxH6vj2o21R6MjxZUAd6nlwAS/pnGvN9IVLocLHxGYIzFhg6fUQ+5th6P4dv4eW9jX3DSIj7A=="
    },
    "react-aria@3.51.0_react@19.2.8_react-dom@19.2.8__react@19.2.8": {
      "integrity": "sha512-AyWLw0XR38cFPwBu/ErgGaVrc5dupLEKmRlMXTGvFKOtbaGRQ2+yQJkjVhpdHhoRhU4+G+tJDFeHDTS8tK3bfQ==",
      "dependencies": [
        "@internationalized/date",
        "@internationalized/number",
        "@internationalized/string",
        "@react-types/shared",
        "@swc/helpers",
        "aria-hidden",
        "clsx",
        "react",
        "react-dom",
        "react-stately",
        "use-sync-external-store"
      ]
    },
    "react-dom@19.2.8_react@19.2.8": {
      "integrity": "sha512-rVprimfGBG3DR+Tq0IQG2DT5PxKth1WIGDmj5yPmlzr4YBe7uyE+Du4oVqTDXZSHGGGXRtTJEGSSePyQCMBglQ==",
      "dependencies": [
        "react",
        "scheduler"
      ]
    },
    "react-refresh@0.18.0": {
      "integrity": "sha512-QgT5//D3jfjJb6Gsjxv0Slpj23ip+HtOpnNgnb2S5zU3CB26G/IDPGoy4RJB42wzFE46DRsstbW6tKHoKbhAxw=="
    },
    "react-router@8.3.0_react@19.2.8_react-dom@19.2.8__react@19.2.8": {
      "integrity": "sha512-qyPMvW83jGIct3yiieisxdk9M745anqhpIMKN5m1t6yBMfgVPpt77aHOqs5fUlEJRMCGffg9BaQLH9oPVOL7xQ==",
      "dependencies": [
        "cookie-es",
        "react",
        "react-dom"
      ],
      "optionalPeers": [
        "react-dom"
      ]
    },
    "react-stately@3.49.0_react@19.2.8": {
      "integrity": "sha512-13iNq2KzBrRAzxRc+n53hgROfIistiYY/sPtIhCw1qUB7/kmo+X1xEU2uiS5zcCIrc55AUPwoHqOIIpKWSwB9A==",
      "dependencies": [
        "@internationalized/date",
        "@internationalized/number",
        "@internationalized/string",
        "@react-types/shared",
        "@swc/helpers",
        "react",
        "use-sync-external-store"
      ]
    },
    "react@19.2.8": {
      "integrity": "sha512-PWaYA1L/q9u2u7xYQi+Y3L3Yfnie7XyLeaJICV1MGD6LprsBxcAqGjYyr0eY3p+QdsA+x/Irkt4Qif8D63+Sbw=="
    },
    "scheduler@0.27.0": {
      "integrity": "sha512-eNv+WrVbKu1f3vbYJT/xtiF5syA5HPIMtf9IgY/nKg0sWqzAUEvqY/xm7OcZc/qafLx/iO9FgOmeSAp4v5ti/Q=="
    },
    "source-map-js@1.2.1": {
      "integrity": "sha512-UXWMKhLOwVKb728IUtQPXxfYU+usdybtUrK/8uGE8CQMvrhOpwvzDBwj0QhSL7MQc7vIsISBG8VQ8+IDQxpfQA=="
    },
    "tabbable@6.5.0": {
      "integrity": "sha512-wieBHXygIm7OyQOu5hQlkk62/WyCFYGlWg7L6/ZCUZwx0o398Zkn4pVmMyfYhfMG8kGrj/Krt8eIk6UKC6VzwA=="
    },
    "tailwindcss@4.3.3": {
      "integrity": "sha512-gOhV3P7ufE62QDGg1zVaTgCR+EtPv92k2nIhVcVKcLmxT1sUBsQGhnZj175j+MqRt4zLF7ic+sCYjfhxMxj7YQ=="
    },
    "tapable@2.3.3": {
      "integrity": "sha512-uxc/zpqFg6x7C8vOE7lh6Lbda8eEL9zmVm/PLeTPBRhh1xCgdWaQ+J1CUieGpIfm2HdtsUpRv+HshiasBMcc6A=="
    },
    "tinyglobby@0.2.15": {
      "integrity": "sha512-j2Zq4NyQYG5XMST4cbs02Ak8iJUdxRM0XI5QyxXuZOzKOINmWurp3smXu3y5wDcJrptwpSjgXHzIQxR0omXljQ==",
      "dependencies": [
        "fdir",
        "picomatch"
      ]
    },
    "tslib@2.8.1": {
      "integrity": "sha512-oJFu94HQb+KVduSUQL7wnpmqnfmLsOA/nAh6b6EH0wCEoK0/mPeXU6c3wKDV83MkOuHPRHtSXKKU99IBazS/2w=="
    },
    "typescript@6.0.3": {
      "integrity": "sha512-y2TvuxSZPDyQakkFRPZHKFm+KKVqIisdg9/CZwm9ftvKXLP8NRWj38/ODjNbr43SsoXqNuAisEf1GdCxqWcdBw==",
      "bin": true
    },
    "undici-types@7.18.2": {
      "integrity": "sha512-AsuCzffGHJybSaRrmr5eHr81mwJU3kjw6M+uprWvCXiNeN9SOGwQ3Jn8jb8m3Z6izVgknn1R0FTCEAP2QrLY/w=="
    },
    "use-sync-external-store@1.6.0_react@19.2.8": {
      "integrity": "sha512-Pp6GSwGP/NrPIrxVFAIkOQeyw8lFenOHijQWkUTrDvrF4ALqylP2C/KCkeS9dpUM3KvYRQhna5vt7IL95+ZQ9w==",
      "dependencies": [
        "react"
      ]
    }
  },
  "workspace": {
    "packageJson": {
      "dependencies": [
        "npm:@headlessui/react@^2.2.10",
        "npm:@phosphor-icons/react@^2.1.10",
        "npm:@rsbuild/core@^2.1.9",
        "npm:@rsbuild/plugin-react@^2.1.0",
        "npm:@rsbuild/plugin-tailwindcss@^2.0.3",
        "npm:@rslint/core@~0.5.3",
        "npm:@types/node@^24.13.3",
        "npm:@types/react-dom@^19.2.3",
        "npm:@types/react@^19.2.17",
        "npm:react-dom@^19.2.8",
        "npm:react-router@^8.3.0",
        "npm:react@^19.2.8",
        "npm:tailwindcss@^4.3.3",
        "npm:typescript@^6.0.3"
      ]
    }
  }
}
